# THIS IS AN AUTOGENERATED FILE. DO NOT EDIT THIS FILE DIRECTLY.
# yarn lockfile v1


"@agiledigital/serverless-param-subscriber@^0.0.8":
  version "0.0.8"
  resolved "https://registry.yarnpkg.com/@agiledigital/serverless-param-subscriber/-/serverless-param-subscriber-0.0.8.tgz#07a6d4ba2686e6f5a72278d23185ee4adf103f5b"
  integrity sha512-9W69XHQD0IstYhYsTNupk/oxWPokevf2UIxj9NSGBLkBcmJmrj8qlJ4BWoig4jKKH3xjPWfdTcEFvS0B8xqYzA==
