# THIS IS AN AUTOGENERATED FILE. DO NOT EDIT THIS FILE DIRECTLY.
# yarn lockfile v1


"@agiledigital/serverless-parameter-subscriber@^0.0.11":
  version "0.0.11"
  resolved "https://registry.yarnpkg.com/@agiledigital/serverless-parameter-subscriber/-/serverless-parameter-subscriber-0.0.11.tgz#12ccc16a17ba7fa5d59ddbcb6bdfe52e0318ec43"
  integrity sha512-P2cI9BGqx0mBdtB7Ebtq0RFwfqrBvY63VN3ib77seGwcEKOT7mhJxshI58gExcZ2tKHOqrUIj2kGLoy/qkqKVw==
